<?xml version="1.0" encoding="utf-8"?>
<Project ToolsVersion="4.0" xmlns="http://schemas.microsoft.com/developer/msbuild/2003">
  <ItemGroup>
    <Filter Include="win32">
      <UniqueIdentifier>{84a8ebd7-7cf0-47f6-b75e-d441df67da40}</UniqueIdentifier>
    </Filter>
    <Filter Include="resource">
      <UniqueIdentifier>{715254bc-d70b-4ec5-bf29-467dd3ace079}</UniqueIdentifier>
    </Filter>
    <Filter Include="Scenes">
      <UniqueIdentifier>{4523b218-f2d2-4d11-88a8-e76f48962a23}</UniqueIdentifier>
    </Filter>
    <Filter Include="config">
      <UniqueIdentifier>{a5fc830d-fd87-4463-9063-79da8da7e741}</UniqueIdentifier>
    </Filter>
    <Filter Include="entity">
      <UniqueIdentifier>{9fd5a5ff-8583-437d-b6eb-e9c2bb4c378c}</UniqueIdentifier>
    </Filter>
  </ItemGroup>
  <ItemGroup>
    <ClCompile Include="main.cpp">
      <Filter>win32</Filter>
    </ClCompile>
    <ClCompile Include="Classes\AppDelegate.cpp" />
    <ClCompile Include="Classes\SceneManager.cpp">
      <Filter>Scenes</Filter>
    </ClCompile>
    <ClCompile Include="Classes\HelpScene.cpp">
      <Filter>Scenes</Filter>
    </ClCompile>
    <ClCompile Include="Classes\MenuScene.cpp">
      <Filter>Scenes</Filter>
    </ClCompile>
    <ClCompile Include="Classes\MapScene.cpp">
      <Filter>Scenes</Filter>
    </ClCompile>
    <ClCompile Include="Classes\Entity.cpp">
      <Filter>entity</Filter>
    </ClCompile>
    <ClCompile Include="Classes\Monster.cpp">
      <Filter>entity</Filter>
    </ClCompile>
    <ClCompile Include="Classes\Hero.cpp">
      <Filter>entity</Filter>
    </ClCompile>
  </ItemGroup>
  <ItemGroup>
    <ClInclude Include="main.h">
      <Filter>win32</Filter>
    </ClInclude>
    <ClInclude Include="Classes\AppDelegate.h" />
    <ClInclude Include="Classes\SceneManager.h">
      <Filter>Scenes</Filter>
    </ClInclude>
    <ClInclude Include="Classes\HelpScene.h">
      <Filter>Scenes</Filter>
    </ClInclude>
    <ClInclude Include="Classes\MenuScene.h">
      <Filter>Scenes</Filter>
    </ClInclude>
    <ClInclude Include="Classes\MapScene.h">
      <Filter>Scenes</Filter>
    </ClInclude>
    <ClInclude Include="Classes\config.h">
      <Filter>config</Filter>
    </ClInclude>
    <ClInclude Include="Classes\Entity.h">
      <Filter>entity</Filter>
    </ClInclude>
    <ClInclude Include="Classes\Monster.h">
      <Filter>entity</Filter>
    </ClInclude>
    <ClInclude Include="Classes\Hero.h">
      <Filter>entity</Filter>
    </ClInclude>
  </ItemGroup>
  <ItemGroup>
    <ResourceCompile Include="game.rc">
      <Filter>resource</Filter>
    </ResourceCompile>
  </ItemGroup>
  <ItemGroup>
    <Text Include="routines.txt" />
  </ItemGroup>
</Project>